
Microsoft Visual Studio Solution File, Format Version 12.00
# Visual Studio Version 17
VisualStudioVersion = 17.9.34701.34
MinimumVisualStudioVersion = 10.0.40219.1
Project("{9A19103F-16F7-4668-BE54-9A1E7A4F7556}") = "CloudStorageAPI", "CloudStorageAPI\CloudStorageAPI.csproj", "{7AF8C55D-0A68-4522-8B12-06D8E14A6469}"
EndProject
Project("{9A19103F-16F7-4668-BE54-9A1E7A4F7556}") = "CloudStorageApplication", "CloudStorageApplication\CloudStorageApplication.csproj", "{EF3AEBAA-2793-413F-BF3F-5EE131221374}"
EndProject
Project("{FAE04EC0-301F-11D3-BF4B-00C04F79EFBC}") = "CloudStorageInfrastructure", "CloudStorageInfrastructure\CloudStorageInfrastructure.csproj", "{86EFAB2F-B2F0-4919-A4FD-8632F30D06D8}"
EndProject
Project("{FAE04EC0-301F-11D3-BF4B-00C04F79EFBC}") = "CloudStorageDomain", "CloudStorageDomain\CloudStorageDomain.csproj", "{068039C1-C4CB-47C2-888F-69DE48DB3F2C}"
EndProject
Global
	GlobalSection(SolutionConfigurationPlatforms) = preSolution
		Debug|Any CPU = Debug|Any CPU
		Release|Any CPU = Release|Any CPU
	EndGlobalSection
	GlobalSection(ProjectConfigurationPlatforms) = postSolution
		{7AF8C55D-0A68-4522-8B12-06D8E14A6469}.Debug|Any CPU.ActiveCfg = Debug|Any CPU
		{7AF8C55D-0A68-4522-8B12-06D8E14A6469}.Debug|Any CPU.Build.0 = Debug|Any CPU
		{7AF8C55D-0A68-4522-8B12-06D8E14A6469}.Release|Any CPU.ActiveCfg = Release|Any CPU
		{7AF8C55D-0A68-4522-8B12-06D8E14A6469}.Release|Any CPU.Build.0 = Release|Any CPU
		{EF3AEBAA-2793-413F-BF3F-5EE131221374}.Debug|Any CPU.ActiveCfg = Debug|Any CPU
		{EF3AEBAA-2793-413F-BF3F-5EE131221374}.Debug|Any CPU.Build.0 = Debug|Any CPU
		{EF3AEBAA-2793-413F-BF3F-5EE131221374}.Release|Any CPU.ActiveCfg = Release|Any CPU
		{EF3AEBAA-2793-413F-BF3F-5EE131221374}.Release|Any CPU.Build.0 = Release|Any CPU
		{86EFAB2F-B2F0-4919-A4FD-8632F30D06D8}.Debug|Any CPU.ActiveCfg = Debug|Any CPU
		{86EFAB2F-B2F0-4919-A4FD-8632F30D06D8}.Debug|Any CPU.Build.0 = Debug|Any CPU
		{86EFAB2F-B2F0-4919-A4FD-8632F30D06D8}.Release|Any CPU.ActiveCfg = Release|Any CPU
		{86EFAB2F-B2F0-4919-A4FD-8632F30D06D8}.Release|Any CPU.Build.0 = Release|Any CPU
		{068039C1-C4CB-47C2-888F-69DE48DB3F2C}.Debug|Any CPU.ActiveCfg = Debug|Any CPU
		{068039C1-C4CB-47C2-888F-69DE48DB3F2C}.Debug|Any CPU.Build.0 = Debug|Any CPU
		{068039C1-C4CB-47C2-888F-69DE48DB3F2C}.Release|Any CPU.ActiveCfg = Release|Any CPU
		{068039C1-C4CB-47C2-888F-69DE48DB3F2C}.Release|Any CPU.Build.0 = Release|Any CPU
	EndGlobalSection
	GlobalSection(SolutionProperties) = preSolution
		HideSolutionNode = FALSE
	EndGlobalSection
	GlobalSection(ExtensibilityGlobals) = postSolution
		SolutionGuid = {08D15FE1-A472-4781-BA76-D12C5BAC0F1C}
	EndGlobalSection
EndGlobal
